{
  "name": "static",
  "lockfileVersion": 2,
  "requires": true,
  "packages": {
    "": {
      "dependencies": {
        "viewerjs": "^1.10.4"
      }
    },
    "node_modules/viewerjs": {
      "version": "1.10.4",
      "resolved": "https://registry.npmjs.org/viewerjs/-/viewerjs-1.10.4.tgz",
      "integrity": "sha512-CjMt64yC9D+XUx2t3F0TPbh/Yt5+/ke8/s3IizXa6NtksdJUFDoCcNxi/KRZ9eiZPR/D77pHnnQzAtCoLDaGIw=="
    }
  },
  "dependencies": {
    "viewerjs": {
      "version": "1.10.4",
      "resolved": "https://registry.npmjs.org/viewerjs/-/viewerjs-1.10.4.tgz",
      "integrity": "sha512-CjMt64yC9D+XUx2t3F0TPbh/Yt5+/ke8/s3IizXa6NtksdJUFDoCcNxi/KRZ9eiZPR/D77pHnnQzAtCoLDaGIw=="
    }
  }
}
